PODS:
  - Flurry-iOS-SDK/FlurryTVOS (10.0.0)
  - KEXPPower (0.6)

DEPENDENCIES:
  - Flurry-iOS-SDK/FlurryTVOS
  - KEXPPower

SPEC REPOS:
  https://github.com/CocoaPods/Specs.git:
    - Flurry-iOS-SDK
  trunk:
    - KEXPPower

SPEC CHECKSUMS:
  Flurry-iOS-SDK: 8e3d258a4b8660050ceed56953db411fca34a911
  KEXPPower: 5ce9502ef6709ce7f4fb0a7c6e00fdec455860b9

PODFILE CHECKSUM: 4526ea88a0ae6217d9c4762cc9dca6001aabdd8a

COCOAPODS: 1.9.1
