PODS:
  - Flurry-iOS-SDK/FlurryTVOS (10.3.1)
  - KEXPPower (0.9)

DEPENDENCIES:
  - Flurry-iOS-SDK/FlurryTVOS
  - KEXPPower

SPEC REPOS:
  trunk:
    - Flurry-iOS-SDK
    - KEXPPower

SPEC CHECKSUMS:
  Flurry-iOS-SDK: 2cc5b4f494db71d90a8bd195ba7ebb7cdebf3535
  KEXPPower: 08b5889e040cb4852dec0e15c4ac3d11d8d7f994

PODFILE CHECKSUM: 2f79ff61d3997f0081c709248cb80414353e9d7d

COCOAPODS: 1.9.1
