// !$*UTF8*$!
{
	archiveVersion = 1;
	classes = {
	};
	objectVersion = 46;
	objects = {

/* Begin PBXBuildFile section */
		46CDFB201C30A7170001A004 /* AppDelegate.swift in Sources */ = {isa = PBXBuildFile; fileRef = 46CDFB1F1C30A7170001A004 /* AppDelegate.swift */; };
		46CDFB251C30A7170001A004 /* KexpTVStream.xcdatamodeld in Sources */ = {isa = PBXBuildFile; fileRef = 46CDFB231C30A7170001A004 /* KexpTVStream.xcdatamodeld */; };
		46CDFB281C30A7170001A004 /* Main.storyboard in Resources */ = {isa = PBXBuildFile; fileRef = 46CDFB261C30A7170001A004 /* Main.storyboard */; };
		46CDFB2A1C30A7180001A004 /* Assets.xcassets in Resources */ = {isa = PBXBuildFile; fileRef = 46CDFB291C30A7180001A004 /* Assets.xcassets */; };
		46CDFB401C30A7630001A004 /* KexpNowPlayingVC.swift in Sources */ = {isa = PBXBuildFile; fileRef = 46CDFB3F1C30A7630001A004 /* KexpNowPlayingVC.swift */; };
		46CDFB451C30A8AD0001A004 /* AudioManager.swift in Sources */ = {isa = PBXBuildFile; fileRef = 46CDFB421C30A8AD0001A004 /* AudioManager.swift */; };
		46CDFB491C30B0F30001A004 /* KexpStyle.swift in Sources */ = {isa = PBXBuildFile; fileRef = 46CDFB481C30B0F30001A004 /* KexpStyle.swift */; };
		8B0C3D2C244A8C2800ABAE9C /* PlaylistCollectionVC.swift in Sources */ = {isa = PBXBuildFile; fileRef = 8B0C3D2B244A8C2800ABAE9C /* PlaylistCollectionVC.swift */; };
		8B0C3D2E244B8E4A00ABAE9C /* DJViewController.swift in Sources */ = {isa = PBXBuildFile; fileRef = 8B0C3D2D244B8E4A00ABAE9C /* DJViewController.swift */; };
		8B3962692446D58200CD60F5 /* DisplayFormatters.swift in Sources */ = {isa = PBXBuildFile; fileRef = 8B3962682446D58200CD60F5 /* DisplayFormatters.swift */; };
		8B39626B2447DEDD00CD60F5 /* PlaylistTableVC.swift in Sources */ = {isa = PBXBuildFile; fileRef = 8B39626A2447DEDD00CD60F5 /* PlaylistTableVC.swift */; };
		8B39626D2447EA7100CD60F5 /* UIView+NSLayoutConstraint.swift in Sources */ = {isa = PBXBuildFile; fileRef = 8B39626C2447EA7100CD60F5 /* UIView+NSLayoutConstraint.swift */; };
		8B4C3EBB2443962500269ADF /* ArchiveDetailCollectionVC.swift in Sources */ = {isa = PBXBuildFile; fileRef = 8B4C3EBA2443962500269ADF /* ArchiveDetailCollectionVC.swift */; };
		8B5BBC3E243EC18400FAE988 /* ArchiveViewController.swift in Sources */ = {isa = PBXBuildFile; fileRef = 8B5BBC3D243EC18400FAE988 /* ArchiveViewController.swift */; };
		8B5BBC40243ECF3C00FAE988 /* ArchiveCalendarCollectionVC.swift in Sources */ = {isa = PBXBuildFile; fileRef = 8B5BBC3F243ECF3C00FAE988 /* ArchiveCalendarCollectionVC.swift */; };
		8BBBD02B2439501800953C59 /* UserSettingsManager.swift in Sources */ = {isa = PBXBuildFile; fileRef = 8BBBD02A2439501800953C59 /* UserSettingsManager.swift */; };
		8BE8A2402436B7D5000B905D /* SettingsButton.swift in Sources */ = {isa = PBXBuildFile; fileRef = 8BE8A23F2436B7D5000B905D /* SettingsButton.swift */; };
		8BE8A242243911FE000B905D /* SettingsViewController.swift in Sources */ = {isa = PBXBuildFile; fileRef = 8BE8A241243911FE000B905D /* SettingsViewController.swift */; };
		8BF3209B243D93DC0028B852 /* ListenLiveViewController.swift in Sources */ = {isa = PBXBuildFile; fileRef = 8BF3209A243D93DC0028B852 /* ListenLiveViewController.swift */; };
		8BFFED0C22DC3FFA00E3378C /* podfile in Resources */ = {isa = PBXBuildFile; fileRef = 8BFFED0B22DC3FFA00E3378C /* podfile */; };
		962A140DF48B6B2932FE9465 /* Pods_KexpTVStreamTests.framework in Frameworks */ = {isa = PBXBuildFile; fileRef = 2F0CAA22E221BBEB7D01447E /* Pods_KexpTVStreamTests.framework */; };
		ACB85C390EF5C43F0B11AF88 /* Pods_KexpTVStream.framework in Frameworks */ = {isa = PBXBuildFile; fileRef = A6623FCBF1F274641DABA19F /* Pods_KexpTVStream.framework */; };
		C9B01C971F5F93EC00183199 /* AVKit.framework in Frameworks */ = {isa = PBXBuildFile; fileRef = C9B01C961F5F93EC00183199 /* AVKit.framework */; };
		C9EDD0B21C8E195600562A9C /* KexpPlaylistCell.swift in Sources */ = {isa = PBXBuildFile; fileRef = C9EDD0B11C8E195600562A9C /* KexpPlaylistCell.swift */; };
		C9FACB711F76C1320098F214 /* FocusGuideRepresentation.swift in Sources */ = {isa = PBXBuildFile; fileRef = C9FACB701F76C1320098F214 /* FocusGuideRepresentation.swift */; };
		C9FACB731F76F39D0098F214 /* ArtworkPlayButton.swift in Sources */ = {isa = PBXBuildFile; fileRef = C9FACB721F76F39D0098F214 /* ArtworkPlayButton.swift */; };
/* End PBXBuildFile section */

/* Begin PBXContainerItemProxy section */
		46CDFB311C30A7180001A004 /* PBXContainerItemProxy */ = {
			isa = PBXContainerItemProxy;
			containerPortal = 46CDFB141C30A7170001A004 /* Project object */;
			proxyType = 1;
			remoteGlobalIDString = 46CDFB1B1C30A7170001A004;
			remoteInfo = KexpTVStream;
		};
/* End PBXContainerItemProxy section */

/* Begin PBXFileReference section */
		26F19CA66E8D2DCA47312557 /* Pods-KexpTVStream.release.xcconfig */ = {isa = PBXFileReference; includeInIndex = 1; lastKnownFileType = text.xcconfig; name = "Pods-KexpTVStream.release.xcconfig"; path = "Pods/Target Support Files/Pods-KexpTVStream/Pods-KexpTVStream.release.xcconfig"; sourceTree = "<group>"; };
		2F0CAA22E221BBEB7D01447E /* Pods_KexpTVStreamTests.framework */ = {isa = PBXFileReference; explicitFileType = wrapper.framework; includeInIndex = 0; path = Pods_KexpTVStreamTests.framework; sourceTree = BUILT_PRODUCTS_DIR; };
		46CDFB1C1C30A7170001A004 /* KexpTVStreamXXX.app */ = {isa = PBXFileReference; explicitFileType = wrapper.application; includeInIndex = 0; path = KexpTVStreamXXX.app; sourceTree = BUILT_PRODUCTS_DIR; };
		46CDFB1F1C30A7170001A004 /* AppDelegate.swift */ = {isa = PBXFileReference; lastKnownFileType = sourcecode.swift; path = AppDelegate.swift; sourceTree = "<group>"; };
		46CDFB241C30A7170001A004 /* KexpTVStream.xcdatamodel */ = {isa = PBXFileReference; lastKnownFileType = wrapper.xcdatamodel; path = KexpTVStream.xcdatamodel; sourceTree = "<group>"; };
		46CDFB271C30A7170001A004 /* Base */ = {isa = PBXFileReference; lastKnownFileType = file.storyboard; name = Base; path = Base.lproj/Main.storyboard; sourceTree = "<group>"; };
		46CDFB291C30A7180001A004 /* Assets.xcassets */ = {isa = PBXFileReference; lastKnownFileType = folder.assetcatalog; path = Assets.xcassets; sourceTree = "<group>"; };
		46CDFB2B1C30A7180001A004 /* Info.plist */ = {isa = PBXFileReference; lastKnownFileType = text.plist.xml; path = Info.plist; sourceTree = "<group>"; };
		46CDFB301C30A7180001A004 /* KexpTVStreamTests.xctest */ = {isa = PBXFileReference; explicitFileType = wrapper.cfbundle; includeInIndex = 0; path = KexpTVStreamTests.xctest; sourceTree = BUILT_PRODUCTS_DIR; };
		46CDFB361C30A7180001A004 /* Info.plist */ = {isa = PBXFileReference; lastKnownFileType = text.plist.xml; path = Info.plist; sourceTree = "<group>"; };
		46CDFB3F1C30A7630001A004 /* KexpNowPlayingVC.swift */ = {isa = PBXFileReference; fileEncoding = 4; lastKnownFileType = sourcecode.swift; path = KexpNowPlayingVC.swift; sourceTree = "<group>"; };
		46CDFB421C30A8AD0001A004 /* AudioManager.swift */ = {isa = PBXFileReference; fileEncoding = 4; lastKnownFileType = sourcecode.swift; path = AudioManager.swift; sourceTree = "<group>"; };
		46CDFB481C30B0F30001A004 /* KexpStyle.swift */ = {isa = PBXFileReference; fileEncoding = 4; lastKnownFileType = sourcecode.swift; path = KexpStyle.swift; sourceTree = "<group>"; };
		4A88670E65745188983D52A4 /* Pods-KexpTVStreamTests.release.xcconfig */ = {isa = PBXFileReference; includeInIndex = 1; lastKnownFileType = text.xcconfig; name = "Pods-KexpTVStreamTests.release.xcconfig"; path = "Pods/Target Support Files/Pods-KexpTVStreamTests/Pods-KexpTVStreamTests.release.xcconfig"; sourceTree = "<group>"; };
		4C57EEF456081D1CB64BCCF9 /* Pods-KexpTVStream.debug.xcconfig */ = {isa = PBXFileReference; includeInIndex = 1; lastKnownFileType = text.xcconfig; name = "Pods-KexpTVStream.debug.xcconfig"; path = "Pods/Target Support Files/Pods-KexpTVStream/Pods-KexpTVStream.debug.xcconfig"; sourceTree = "<group>"; };
		78E3AB477D2FF07E1439780E /* Pods-KexpTVStreamTests.debug.xcconfig */ = {isa = PBXFileReference; includeInIndex = 1; lastKnownFileType = text.xcconfig; name = "Pods-KexpTVStreamTests.debug.xcconfig"; path = "Pods/Target Support Files/Pods-KexpTVStreamTests/Pods-KexpTVStreamTests.debug.xcconfig"; sourceTree = "<group>"; };
		8B0C3D2B244A8C2800ABAE9C /* PlaylistCollectionVC.swift */ = {isa = PBXFileReference; lastKnownFileType = sourcecode.swift; path = PlaylistCollectionVC.swift; sourceTree = "<group>"; };
		8B0C3D2D244B8E4A00ABAE9C /* DJViewController.swift */ = {isa = PBXFileReference; lastKnownFileType = sourcecode.swift; path = DJViewController.swift; sourceTree = "<group>"; };
		8B3962682446D58200CD60F5 /* DisplayFormatters.swift */ = {isa = PBXFileReference; lastKnownFileType = sourcecode.swift; path = DisplayFormatters.swift; sourceTree = "<group>"; };
		8B39626A2447DEDD00CD60F5 /* PlaylistTableVC.swift */ = {isa = PBXFileReference; lastKnownFileType = sourcecode.swift; path = PlaylistTableVC.swift; sourceTree = "<group>"; };
		8B39626C2447EA7100CD60F5 /* UIView+NSLayoutConstraint.swift */ = {isa = PBXFileReference; lastKnownFileType = sourcecode.swift; path = "UIView+NSLayoutConstraint.swift"; sourceTree = "<group>"; };
		8B4C3EBA2443962500269ADF /* ArchiveDetailCollectionVC.swift */ = {isa = PBXFileReference; lastKnownFileType = sourcecode.swift; path = ArchiveDetailCollectionVC.swift; sourceTree = "<group>"; };
		8B5BBC3D243EC18400FAE988 /* ArchiveViewController.swift */ = {isa = PBXFileReference; lastKnownFileType = sourcecode.swift; path = ArchiveViewController.swift; sourceTree = "<group>"; };
		8B5BBC3F243ECF3C00FAE988 /* ArchiveCalendarCollectionVC.swift */ = {isa = PBXFileReference; lastKnownFileType = sourcecode.swift; path = ArchiveCalendarCollectionVC.swift; sourceTree = "<group>"; };
		8BBBD02A2439501800953C59 /* UserSettingsManager.swift */ = {isa = PBXFileReference; lastKnownFileType = sourcecode.swift; path = UserSettingsManager.swift; sourceTree = "<group>"; };
		8BE8A23F2436B7D5000B905D /* SettingsButton.swift */ = {isa = PBXFileReference; lastKnownFileType = sourcecode.swift; path = SettingsButton.swift; sourceTree = "<group>"; };
		8BE8A241243911FE000B905D /* SettingsViewController.swift */ = {isa = PBXFileReference; lastKnownFileType = sourcecode.swift; path = SettingsViewController.swift; sourceTree = "<group>"; };
		8BF3209A243D93DC0028B852 /* ListenLiveViewController.swift */ = {isa = PBXFileReference; lastKnownFileType = sourcecode.swift; path = ListenLiveViewController.swift; sourceTree = "<group>"; };
		8BFFED0B22DC3FFA00E3378C /* podfile */ = {isa = PBXFileReference; fileEncoding = 4; lastKnownFileType = text; path = podfile; sourceTree = "<group>"; xcLanguageSpecificationIdentifier = xcode.lang.ruby; };
		A6623FCBF1F274641DABA19F /* Pods_KexpTVStream.framework */ = {isa = PBXFileReference; explicitFileType = wrapper.framework; includeInIndex = 0; path = Pods_KexpTVStream.framework; sourceTree = BUILT_PRODUCTS_DIR; };
		C92F93AF1C8BEB7200FD469E /* KexpTVStream-Bridging-Header.h */ = {isa = PBXFileReference; lastKnownFileType = sourcecode.c.h; path = "KexpTVStream-Bridging-Header.h"; sourceTree = SOURCE_ROOT; };
		C9B01C961F5F93EC00183199 /* AVKit.framework */ = {isa = PBXFileReference; lastKnownFileType = wrapper.framework; name = AVKit.framework; path = System/Library/Frameworks/AVKit.framework; sourceTree = SDKROOT; };
		C9B1645C1C4C4AA200AFC7F6 /* KexpTVStreamTests-Bridging-Header.h */ = {isa = PBXFileReference; lastKnownFileType = sourcecode.c.h; name = "KexpTVStreamTests-Bridging-Header.h"; path = "KexpTVStreamTests/KexpTVStreamTests-Bridging-Header.h"; sourceTree = SOURCE_ROOT; };
		C9EDD0B11C8E195600562A9C /* KexpPlaylistCell.swift */ = {isa = PBXFileReference; fileEncoding = 4; lastKnownFileType = sourcecode.swift; path = KexpPlaylistCell.swift; sourceTree = "<group>"; };
		C9FACB701F76C1320098F214 /* FocusGuideRepresentation.swift */ = {isa = PBXFileReference; lastKnownFileType = sourcecode.swift; path = FocusGuideRepresentation.swift; sourceTree = "<group>"; };
		C9FACB721F76F39D0098F214 /* ArtworkPlayButton.swift */ = {isa = PBXFileReference; lastKnownFileType = sourcecode.swift; path = ArtworkPlayButton.swift; sourceTree = "<group>"; };
/* End PBXFileReference section */

/* Begin PBXFrameworksBuildPhase section */
		46CDFB191C30A7170001A004 /* Frameworks */ = {
			isa = PBXFrameworksBuildPhase;
			buildActionMask = 2147483647;
			files = (
				C9B01C971F5F93EC00183199 /* AVKit.framework in Frameworks */,
				ACB85C390EF5C43F0B11AF88 /* Pods_KexpTVStream.framework in Frameworks */,
			);
			runOnlyForDeploymentPostprocessing = 0;
		};
		46CDFB2D1C30A7180001A004 /* Frameworks */ = {
			isa = PBXFrameworksBuildPhase;
			buildActionMask = 2147483647;
			files = (
				962A140DF48B6B2932FE9465 /* Pods_KexpTVStreamTests.framework in Frameworks */,
			);
			runOnlyForDeploymentPostprocessing = 0;
		};
/* End PBXFrameworksBuildPhase section */

/* Begin PBXGroup section */
		46CDFB131C30A7170001A004 = {
			isa = PBXGroup;
			children = (
				8BFFED0B22DC3FFA00E3378C /* podfile */,
				8BF32098243D93890028B852 /* Source */,
				46CDFB1E1C30A7170001A004 /* KexpTVStream */,
				46CDFB331C30A7180001A004 /* KexpTVStreamTests */,
				46CDFB1D1C30A7170001A004 /* Products */,
				D5E8CBEBBEA5CF3DFE8F27F9 /* Frameworks */,
				7DFFC9A378DE93A3CA6C6B94 /* Pods */,
			);
			sourceTree = "<group>";
		};
		46CDFB1D1C30A7170001A004 /* Products */ = {
			isa = PBXGroup;
			children = (
				46CDFB1C1C30A7170001A004 /* KexpTVStreamXXX.app */,
				46CDFB301C30A7180001A004 /* KexpTVStreamTests.xctest */,
			);
			name = Products;
			sourceTree = "<group>";
		};
		46CDFB1E1C30A7170001A004 /* KexpTVStream */ = {
			isa = PBXGroup;
			children = (
				C9FACB6F1F76C1120098F214 /* Helpers */,
				C9EDD0B31C8E408D00562A9C /* Style */,
				C917092E1C3E049F00E010A6 /* Audio */,
				C917092C1C3E048400E010A6 /* UI */,
				46CDFB411C30A7730001A004 /* Supporting files */,
			);
			path = KexpTVStream;
			sourceTree = "<group>";
		};
		46CDFB331C30A7180001A004 /* KexpTVStreamTests */ = {
			isa = PBXGroup;
			children = (
				46CDFB361C30A7180001A004 /* Info.plist */,
			);
			path = KexpTVStreamTests;
			sourceTree = "<group>";
		};
		46CDFB411C30A7730001A004 /* Supporting files */ = {
			isa = PBXGroup;
			children = (
				C92F93AF1C8BEB7200FD469E /* KexpTVStream-Bridging-Header.h */,
				C9B1645C1C4C4AA200AFC7F6 /* KexpTVStreamTests-Bridging-Header.h */,
				46CDFB261C30A7170001A004 /* Main.storyboard */,
				46CDFB291C30A7180001A004 /* Assets.xcassets */,
				46CDFB2B1C30A7180001A004 /* Info.plist */,
				46CDFB231C30A7170001A004 /* KexpTVStream.xcdatamodeld */,
			);
			name = "Supporting files";
			sourceTree = "<group>";
		};
		7DFFC9A378DE93A3CA6C6B94 /* Pods */ = {
			isa = PBXGroup;
			children = (
				4C57EEF456081D1CB64BCCF9 /* Pods-KexpTVStream.debug.xcconfig */,
				26F19CA66E8D2DCA47312557 /* Pods-KexpTVStream.release.xcconfig */,
				78E3AB477D2FF07E1439780E /* Pods-KexpTVStreamTests.debug.xcconfig */,
				4A88670E65745188983D52A4 /* Pods-KexpTVStreamTests.release.xcconfig */,
			);
			name = Pods;
			sourceTree = "<group>";
		};
		8B3962672446D53500CD60F5 /* Helpers */ = {
			isa = PBXGroup;
			children = (
				8B3962682446D58200CD60F5 /* DisplayFormatters.swift */,
				8B39626C2447EA7100CD60F5 /* UIView+NSLayoutConstraint.swift */,
			);
			path = Helpers;
			sourceTree = "<group>";
		};
		8BBBD0252439157C00953C59 /* VCs */ = {
			isa = PBXGroup;
			children = (
				46CDFB3F1C30A7630001A004 /* KexpNowPlayingVC.swift */,
			);
			name = VCs;
			sourceTree = "<group>";
		};
		8BBBD0262439158E00953C59 /* Components */ = {
			isa = PBXGroup;
			children = (
				C9FACB721F76F39D0098F214 /* ArtworkPlayButton.swift */,
				8BE8A23F2436B7D5000B905D /* SettingsButton.swift */,
			);
			name = Components;
			sourceTree = "<group>";
		};
		8BF32098243D93890028B852 /* Source */ = {
			isa = PBXGroup;
			children = (
				8B3962672446D53500CD60F5 /* Helpers */,
				8BF32099243D939B0028B852 /* UI */,
				46CDFB1F1C30A7170001A004 /* AppDelegate.swift */,
			);
			path = Source;
			sourceTree = "<group>";
		};
		8BF32099243D939B0028B852 /* UI */ = {
			isa = PBXGroup;
			children = (
				8BF86E8E243D972B0010DA15 /* Components */,
				8B5BBC3D243EC18400FAE988 /* ArchiveViewController.swift */,
				8BF3209A243D93DC0028B852 /* ListenLiveViewController.swift */,
				8BE8A241243911FE000B905D /* SettingsViewController.swift */,
			);
			path = UI;
			sourceTree = "<group>";
		};
		8BF86E8E243D972B0010DA15 /* Components */ = {
			isa = PBXGroup;
			children = (
				8B5BBC3F243ECF3C00FAE988 /* ArchiveCalendarCollectionVC.swift */,
				8B4C3EBA2443962500269ADF /* ArchiveDetailCollectionVC.swift */,
				8B39626A2447DEDD00CD60F5 /* PlaylistTableVC.swift */,
				8B0C3D2B244A8C2800ABAE9C /* PlaylistCollectionVC.swift */,
				8B0C3D2D244B8E4A00ABAE9C /* DJViewController.swift */,
			);
			path = Components;
			sourceTree = "<group>";
		};
		C917092C1C3E048400E010A6 /* UI */ = {
			isa = PBXGroup;
			children = (
				8BBBD0262439158E00953C59 /* Components */,
				8BBBD0252439157C00953C59 /* VCs */,
				C9EDD0B01C8E18B600562A9C /* Playlist */,
			);
			name = UI;
			sourceTree = "<group>";
		};
		C917092E1C3E049F00E010A6 /* Audio */ = {
			isa = PBXGroup;
			children = (
				46CDFB421C30A8AD0001A004 /* AudioManager.swift */,
			);
			name = Audio;
			sourceTree = "<group>";
		};
		C9EDD0B01C8E18B600562A9C /* Playlist */ = {
			isa = PBXGroup;
			children = (
				C9EDD0B11C8E195600562A9C /* KexpPlaylistCell.swift */,
			);
			name = Playlist;
			sourceTree = "<group>";
		};
		C9EDD0B31C8E408D00562A9C /* Style */ = {
			isa = PBXGroup;
			children = (
				46CDFB481C30B0F30001A004 /* KexpStyle.swift */,
			);
			name = Style;
			sourceTree = "<group>";
		};
		C9FACB6F1F76C1120098F214 /* Helpers */ = {
			isa = PBXGroup;
			children = (
				C9FACB701F76C1320098F214 /* FocusGuideRepresentation.swift */,
				8BBBD02A2439501800953C59 /* UserSettingsManager.swift */,
			);
			name = Helpers;
			sourceTree = "<group>";
		};
		D5E8CBEBBEA5CF3DFE8F27F9 /* Frameworks */ = {
			isa = PBXGroup;
			children = (
				C9B01C961F5F93EC00183199 /* AVKit.framework */,
				A6623FCBF1F274641DABA19F /* Pods_KexpTVStream.framework */,
				2F0CAA22E221BBEB7D01447E /* Pods_KexpTVStreamTests.framework */,
			);
			name = Frameworks;
			sourceTree = "<group>";
		};
/* End PBXGroup section */

/* Begin PBXNativeTarget section */
		46CDFB1B1C30A7170001A004 /* KexpTVStream */ = {
			isa = PBXNativeTarget;
			buildConfigurationList = 46CDFB391C30A7180001A004 /* Build configuration list for PBXNativeTarget "KexpTVStream" */;
			buildPhases = (
				5FAE92962A524A2CAA5051D9 /* [CP] Check Pods Manifest.lock */,
				46CDFB181C30A7170001A004 /* Sources */,
				46CDFB191C30A7170001A004 /* Frameworks */,
				46CDFB1A1C30A7170001A004 /* Resources */,
				C9BC2DA21D45AEE600B05DF7 /* Build Number */,
				3CEF08B0622092F1E739AEC3 /* [CP] Embed Pods Frameworks */,
			);
			buildRules = (
			);
			dependencies = (
			);
			name = KexpTVStream;
			productName = KexpTVStream;
			productReference = 46CDFB1C1C30A7170001A004 /* KexpTVStreamXXX.app */;
			productType = "com.apple.product-type.application";
		};
		46CDFB2F1C30A7180001A004 /* KexpTVStreamTests */ = {
			isa = PBXNativeTarget;
			buildConfigurationList = 46CDFB3C1C30A7180001A004 /* Build configuration list for PBXNativeTarget "KexpTVStreamTests" */;
			buildPhases = (
				707C37B848FDA2B08FE8D7B5 /* [CP] Check Pods Manifest.lock */,
				46CDFB2C1C30A7180001A004 /* Sources */,
				46CDFB2D1C30A7180001A004 /* Frameworks */,
				46CDFB2E1C30A7180001A004 /* Resources */,
				24A41E44F7F4A500AD0DFF2F /* [CP] Embed Pods Frameworks */,
			);
			buildRules = (
			);
			dependencies = (
				46CDFB321C30A7180001A004 /* PBXTargetDependency */,
			);
			name = KexpTVStreamTests;
			productName = KexpTVStreamTests;
			productReference = 46CDFB301C30A7180001A004 /* KexpTVStreamTests.xctest */;
			productType = "com.apple.product-type.bundle.unit-test";
		};
/* End PBXNativeTarget section */

/* Begin PBXProject section */
		46CDFB141C30A7170001A004 /* Project object */ = {
			isa = PBXProject;
			attributes = {
				LastSwiftUpdateCheck = 0720;
				LastUpgradeCheck = 1020;
				ORGANIZATIONNAME = "Dustin Bergman";
				TargetAttributes = {
					46CDFB1B1C30A7170001A004 = {
						CreatedOnToolsVersion = 7.2;
						DevelopmentTeam = J93BBX354J;
						LastSwiftMigration = 0800;
						SystemCapabilities = {
							com.apple.BackgroundModes.appletvos = {
								enabled = 1;
							};
						};
					};
					46CDFB2F1C30A7180001A004 = {
						CreatedOnToolsVersion = 7.2;
						LastSwiftMigration = 0800;
						TestTargetID = 46CDFB1B1C30A7170001A004;
					};
				};
			};
			buildConfigurationList = 46CDFB171C30A7170001A004 /* Build configuration list for PBXProject "KexpTVStream" */;
			compatibilityVersion = "Xcode 3.2";
			developmentRegion = en;
			hasScannedForEncodings = 0;
			knownRegions = (
				en,
				Base,
			);
			mainGroup = 46CDFB131C30A7170001A004;
			productRefGroup = 46CDFB1D1C30A7170001A004 /* Products */;
			projectDirPath = "";
			projectRoot = "";
			targets = (
				46CDFB1B1C30A7170001A004 /* KexpTVStream */,
				46CDFB2F1C30A7180001A004 /* KexpTVStreamTests */,
			);
		};
/* End PBXProject section */

/* Begin PBXResourcesBuildPhase section */
		46CDFB1A1C30A7170001A004 /* Resources */ = {
			isa = PBXResourcesBuildPhase;
			buildActionMask = 2147483647;
			files = (
				8BFFED0C22DC3FFA00E3378C /* podfile in Resources */,
				46CDFB2A1C30A7180001A004 /* Assets.xcassets in Resources */,
				46CDFB281C30A7170001A004 /* Main.storyboard in Resources */,
			);
			runOnlyForDeploymentPostprocessing = 0;
		};
		46CDFB2E1C30A7180001A004 /* Resources */ = {
			isa = PBXResourcesBuildPhase;
			buildActionMask = 2147483647;
			files = (
			);
			runOnlyForDeploymentPostprocessing = 0;
		};
/* End PBXResourcesBuildPhase section */

/* Begin PBXShellScriptBuildPhase section */
		24A41E44F7F4A500AD0DFF2F /* [CP] Embed Pods Frameworks */ = {
			isa = PBXShellScriptBuildPhase;
			buildActionMask = 2147483647;
			files = (
			);
			inputPaths = (
				"${PODS_ROOT}/Target Support Files/Pods-KexpTVStreamTests/Pods-KexpTVStreamTests-frameworks.sh",
				"${BUILT_PRODUCTS_DIR}/KEXPPower/KEXPPower.framework",
			);
			name = "[CP] Embed Pods Frameworks";
			outputPaths = (
				"${TARGET_BUILD_DIR}/${FRAMEWORKS_FOLDER_PATH}/KEXPPower.framework",
			);
			runOnlyForDeploymentPostprocessing = 0;
			shellPath = /bin/sh;
			shellScript = "\"${PODS_ROOT}/Target Support Files/Pods-KexpTVStreamTests/Pods-KexpTVStreamTests-frameworks.sh\"\n";
			showEnvVarsInLog = 0;
		};
		3CEF08B0622092F1E739AEC3 /* [CP] Embed Pods Frameworks */ = {
			isa = PBXShellScriptBuildPhase;
			buildActionMask = 2147483647;
			files = (
			);
			inputPaths = (
				"${PODS_ROOT}/Target Support Files/Pods-KexpTVStream/Pods-KexpTVStream-frameworks.sh",
				"${BUILT_PRODUCTS_DIR}/Flurry-iOS-SDK/Flurry_iOS_SDK.framework",
				"${BUILT_PRODUCTS_DIR}/KEXPPower/KEXPPower.framework",
			);
			name = "[CP] Embed Pods Frameworks";
			outputPaths = (
				"${TARGET_BUILD_DIR}/${FRAMEWORKS_FOLDER_PATH}/Flurry_iOS_SDK.framework",
				"${TARGET_BUILD_DIR}/${FRAMEWORKS_FOLDER_PATH}/KEXPPower.framework",
			);
			runOnlyForDeploymentPostprocessing = 0;
			shellPath = /bin/sh;
			shellScript = "\"${PODS_ROOT}/Target Support Files/Pods-KexpTVStream/Pods-KexpTVStream-frameworks.sh\"\n";
			showEnvVarsInLog = 0;
		};
		5FAE92962A524A2CAA5051D9 /* [CP] Check Pods Manifest.lock */ = {
			isa = PBXShellScriptBuildPhase;
			buildActionMask = 2147483647;
			files = (
			);
			inputPaths = (
				"${PODS_PODFILE_DIR_PATH}/Podfile.lock",
				"${PODS_ROOT}/Manifest.lock",
			);
			name = "[CP] Check Pods Manifest.lock";
			outputPaths = (
				"$(DERIVED_FILE_DIR)/Pods-KexpTVStream-checkManifestLockResult.txt",
			);
			runOnlyForDeploymentPostprocessing = 0;
			shellPath = /bin/sh;
			shellScript = "diff \"${PODS_PODFILE_DIR_PATH}/Podfile.lock\" \"${PODS_ROOT}/Manifest.lock\" > /dev/null\nif [ $? != 0 ] ; then\n    # print error to STDERR\n    echo \"error: The sandbox is not in sync with the Podfile.lock. Run 'pod install' or update your CocoaPods installation.\" >&2\n    exit 1\nfi\n# This output is used by Xcode 'outputs' to avoid re-running this script phase.\necho \"SUCCESS\" > \"${SCRIPT_OUTPUT_FILE_0}\"\n";
			showEnvVarsInLog = 0;
		};
		707C37B848FDA2B08FE8D7B5 /* [CP] Check Pods Manifest.lock */ = {
			isa = PBXShellScriptBuildPhase;
			buildActionMask = 2147483647;
			files = (
			);
			inputPaths = (
				"${PODS_PODFILE_DIR_PATH}/Podfile.lock",
				"${PODS_ROOT}/Manifest.lock",
			);
			name = "[CP] Check Pods Manifest.lock";
			outputPaths = (
				"$(DERIVED_FILE_DIR)/Pods-KexpTVStreamTests-checkManifestLockResult.txt",
			);
			runOnlyForDeploymentPostprocessing = 0;
			shellPath = /bin/sh;
			shellScript = "diff \"${PODS_PODFILE_DIR_PATH}/Podfile.lock\" \"${PODS_ROOT}/Manifest.lock\" > /dev/null\nif [ $? != 0 ] ; then\n    # print error to STDERR\n    echo \"error: The sandbox is not in sync with the Podfile.lock. Run 'pod install' or update your CocoaPods installation.\" >&2\n    exit 1\nfi\n# This output is used by Xcode 'outputs' to avoid re-running this script phase.\necho \"SUCCESS\" > \"${SCRIPT_OUTPUT_FILE_0}\"\n";
			showEnvVarsInLog = 0;
		};
		C9BC2DA21D45AEE600B05DF7 /* Build Number */ = {
			isa = PBXShellScriptBuildPhase;
			buildActionMask = 2147483647;
			files = (
			);
			inputPaths = (
			);
			name = "Build Number";
			outputPaths = (
			);
			runOnlyForDeploymentPostprocessing = 0;
			shellPath = /bin/sh;
			shellScript = "#!/bin/bash\nbuildNumber=$(/usr/libexec/PlistBuddy -c \"Print CFBundleVersion\" \"$INFOPLIST_FILE\")\nbuildNumber=$(($buildNumber + 1))\n/usr/libexec/PlistBuddy -c \"Set :CFBundleVersion $buildNumber\" \"$INFOPLIST_FILE\"";
		};
/* End PBXShellScriptBuildPhase section */

/* Begin PBXSourcesBuildPhase section */
		46CDFB181C30A7170001A004 /* Sources */ = {
			isa = PBXSourcesBuildPhase;
			buildActionMask = 2147483647;
			files = (
				C9FACB711F76C1320098F214 /* FocusGuideRepresentation.swift in Sources */,
				8BE8A2402436B7D5000B905D /* SettingsButton.swift in Sources */,
				46CDFB201C30A7170001A004 /* AppDelegate.swift in Sources */,
				8BE8A242243911FE000B905D /* SettingsViewController.swift in Sources */,
				8B0C3D2C244A8C2800ABAE9C /* PlaylistCollectionVC.swift in Sources */,
				8B5BBC40243ECF3C00FAE988 /* ArchiveCalendarCollectionVC.swift in Sources */,
				46CDFB401C30A7630001A004 /* KexpNowPlayingVC.swift in Sources */,
				8BF3209B243D93DC0028B852 /* ListenLiveViewController.swift in Sources */,
				C9FACB731F76F39D0098F214 /* ArtworkPlayButton.swift in Sources */,
				46CDFB451C30A8AD0001A004 /* AudioManager.swift in Sources */,
				C9EDD0B21C8E195600562A9C /* KexpPlaylistCell.swift in Sources */,
				46CDFB251C30A7170001A004 /* KexpTVStream.xcdatamodeld in Sources */,
				8BBBD02B2439501800953C59 /* UserSettingsManager.swift in Sources */,
				46CDFB491C30B0F30001A004 /* KexpStyle.swift in Sources */,
				8B5BBC3E243EC18400FAE988 /* ArchiveViewController.swift in Sources */,
				8B4C3EBB2443962500269ADF /* ArchiveDetailCollectionVC.swift in Sources */,
				8B39626D2447EA7100CD60F5 /* UIView+NSLayoutConstraint.swift in Sources */,
				8B39626B2447DEDD00CD60F5 /* PlaylistTableVC.swift in Sources */,
				8B0C3D2E244B8E4A00ABAE9C /* DJViewController.swift in Sources */,
				8B3962692446D58200CD60F5 /* DisplayFormatters.swift in Sources */,
			);
			runOnlyForDeploymentPostprocessing = 0;
		};
		46CDFB2C1C30A7180001A004 /* Sources */ = {
			isa = PBXSourcesBuildPhase;
			buildActionMask = 2147483647;
			files = (
			);
			runOnlyForDeploymentPostprocessing = 0;
		};
/* End PBXSourcesBuildPhase section */

/* Begin PBXTargetDependency section */
		46CDFB321C30A7180001A004 /* PBXTargetDependency */ = {
			isa = PBXTargetDependency;
			target = 46CDFB1B1C30A7170001A004 /* KexpTVStream */;
			targetProxy = 46CDFB311C30A7180001A004 /* PBXContainerItemProxy */;
		};
/* End PBXTargetDependency section */

/* Begin PBXVariantGroup section */
		46CDFB261C30A7170001A004 /* Main.storyboard */ = {
			isa = PBXVariantGroup;
			children = (
				46CDFB271C30A7170001A004 /* Base */,
			);
			name = Main.storyboard;
			sourceTree = "<group>";
		};
/* End PBXVariantGroup section */

/* Begin XCBuildConfiguration section */
		46CDFB371C30A7180001A004 /* Debug */ = {
			isa = XCBuildConfiguration;
			buildSettings = {
				ALWAYS_EMBED_SWIFT_STANDARD_LIBRARIES = "$(inherited)";
				ALWAYS_SEARCH_USER_PATHS = NO;
				CLANG_ANALYZER_LOCALIZABILITY_NONLOCALIZED = YES;
				CLANG_CXX_LANGUAGE_STANDARD = "gnu++0x";
				CLANG_CXX_LIBRARY = "libc++";
				CLANG_ENABLE_MODULES = YES;
				CLANG_ENABLE_OBJC_ARC = YES;
				CLANG_WARN_BLOCK_CAPTURE_AUTORELEASING = YES;
				CLANG_WARN_BOOL_CONVERSION = YES;
				CLANG_WARN_COMMA = YES;
				CLANG_WARN_CONSTANT_CONVERSION = YES;
				CLANG_WARN_DEPRECATED_OBJC_IMPLEMENTATIONS = YES;
				CLANG_WARN_DIRECT_OBJC_ISA_USAGE = YES_ERROR;
				CLANG_WARN_EMPTY_BODY = YES;
				CLANG_WARN_ENUM_CONVERSION = YES;
				CLANG_WARN_INFINITE_RECURSION = YES;
				CLANG_WARN_INT_CONVERSION = YES;
				CLANG_WARN_NON_LITERAL_NULL_CONVERSION = YES;
				CLANG_WARN_OBJC_IMPLICIT_RETAIN_SELF = YES;
				CLANG_WARN_OBJC_LITERAL_CONVERSION = YES;
				CLANG_WARN_OBJC_ROOT_CLASS = YES_ERROR;
				CLANG_WARN_RANGE_LOOP_ANALYSIS = YES;
				CLANG_WARN_STRICT_PROTOTYPES = YES;
				CLANG_WARN_SUSPICIOUS_MOVE = YES;
				CLANG_WARN_UNREACHABLE_CODE = YES;
				CLANG_WARN__DUPLICATE_METHOD_MATCH = YES;
				COPY_PHASE_STRIP = NO;
				DEBUG_INFORMATION_FORMAT = "dwarf-with-dsym";
				ENABLE_STRICT_OBJC_MSGSEND = YES;
				ENABLE_TESTABILITY = YES;
				GCC_C_LANGUAGE_STANDARD = gnu99;
				GCC_DYNAMIC_NO_PIC = NO;
				GCC_NO_COMMON_BLOCKS = YES;
				GCC_OPTIMIZATION_LEVEL = 0;
				GCC_PREPROCESSOR_DEFINITIONS = (
					"DEBUG=1",
					"$(inherited)",
				);
				GCC_WARN_64_TO_32_BIT_CONVERSION = YES;
				GCC_WARN_ABOUT_RETURN_TYPE = YES_ERROR;
				GCC_WARN_UNDECLARED_SELECTOR = YES;
				GCC_WARN_UNINITIALIZED_AUTOS = YES_AGGRESSIVE;
				GCC_WARN_UNUSED_FUNCTION = YES;
				GCC_WARN_UNUSED_VARIABLE = YES;
				MTL_ENABLE_DEBUG_INFO = YES;
				ONLY_ACTIVE_ARCH = YES;
				OTHER_SWIFT_FLAGS = "-DDEBUG";
				SDKROOT = appletvos;
				SWIFT_OPTIMIZATION_LEVEL = "-Onone";
				SWIFT_VERSION = 5.0;
				TARGETED_DEVICE_FAMILY = 3;
				TVOS_DEPLOYMENT_TARGET = 11.0;
			};
			name = Debug;
		};
		46CDFB381C30A7180001A004 /* Release */ = {
			isa = XCBuildConfiguration;
			buildSettings = {
				ALWAYS_EMBED_SWIFT_STANDARD_LIBRARIES = "$(inherited)";
				ALWAYS_SEARCH_USER_PATHS = NO;
				CLANG_ANALYZER_LOCALIZABILITY_NONLOCALIZED = YES;
				CLANG_CXX_LANGUAGE_STANDARD = "gnu++0x";
				CLANG_CXX_LIBRARY = "libc++";
				CLANG_ENABLE_MODULES = YES;
				CLANG_ENABLE_OBJC_ARC = YES;
				CLANG_WARN_BLOCK_CAPTURE_AUTORELEASING = YES;
				CLANG_WARN_BOOL_CONVERSION = YES;
				CLANG_WARN_COMMA = YES;
				CLANG_WARN_CONSTANT_CONVERSION = YES;
				CLANG_WARN_DEPRECATED_OBJC_IMPLEMENTATIONS = YES;
				CLANG_WARN_DIRECT_OBJC_ISA_USAGE = YES_ERROR;
				CLANG_WARN_EMPTY_BODY = YES;
				CLANG_WARN_ENUM_CONVERSION = YES;
				CLANG_WARN_INFINITE_RECURSION = YES;
				CLANG_WARN_INT_CONVERSION = YES;
				CLANG_WARN_NON_LITERAL_NULL_CONVERSION = YES;
				CLANG_WARN_OBJC_IMPLICIT_RETAIN_SELF = YES;
				CLANG_WARN_OBJC_LITERAL_CONVERSION = YES;
				CLANG_WARN_OBJC_ROOT_CLASS = YES_ERROR;
				CLANG_WARN_RANGE_LOOP_ANALYSIS = YES;
				CLANG_WARN_STRICT_PROTOTYPES = YES;
				CLANG_WARN_SUSPICIOUS_MOVE = YES;
				CLANG_WARN_UNREACHABLE_CODE = YES;
				CLANG_WARN__DUPLICATE_METHOD_MATCH = YES;
				COPY_PHASE_STRIP = NO;
				DEBUG_INFORMATION_FORMAT = "dwarf-with-dsym";
				ENABLE_NS_ASSERTIONS = NO;
				ENABLE_STRICT_OBJC_MSGSEND = YES;
				GCC_C_LANGUAGE_STANDARD = gnu99;
				GCC_NO_COMMON_BLOCKS = YES;
				GCC_PREPROCESSOR_DEFINITIONS = "RELEASE=1";
				GCC_WARN_64_TO_32_BIT_CONVERSION = YES;
				GCC_WARN_ABOUT_RETURN_TYPE = YES_ERROR;
				GCC_WARN_UNDECLARED_SELECTOR = YES;
				GCC_WARN_UNINITIALIZED_AUTOS = YES_AGGRESSIVE;
				GCC_WARN_UNUSED_FUNCTION = YES;
				GCC_WARN_UNUSED_VARIABLE = YES;
				MTL_ENABLE_DEBUG_INFO = NO;
				OTHER_SWIFT_FLAGS = "-DRELEASE";
				SDKROOT = appletvos;
				SWIFT_OPTIMIZATION_LEVEL = "-Owholemodule";
				SWIFT_VERSION = 5.0;
				TARGETED_DEVICE_FAMILY = 3;
				TVOS_DEPLOYMENT_TARGET = 11.0;
				VALIDATE_PRODUCT = YES;
			};
			name = Release;
		};
		46CDFB3A1C30A7180001A004 /* Debug */ = {
			isa = XCBuildConfiguration;
			baseConfigurationReference = 4C57EEF456081D1CB64BCCF9 /* Pods-KexpTVStream.debug.xcconfig */;
			buildSettings = {
				ALWAYS_EMBED_SWIFT_STANDARD_LIBRARIES = YES;
				ASSETCATALOG_COMPILER_APPICON_NAME = "App Icon & Top Shelf Image";
				ASSETCATALOG_COMPILER_LAUNCHIMAGE_NAME = LaunchImage;
				CLANG_ENABLE_MODULES = YES;
				CODE_SIGN_IDENTITY = "iPhone Developer";
				INFOPLIST_FILE = KexpTVStream/Info.plist;
				LD_RUNPATH_SEARCH_PATHS = "$(inherited) @executable_path/Frameworks";
				LIBRARY_SEARCH_PATHS = (
					"$(inherited)",
					"$(PROJECT_DIR)/KexpTVStream",
				);
				MARKETING_VERSION = 2.0;
				PRODUCT_BUNDLE_IDENTIFIER = com.dus.KexpTVStreamXXX;
				PRODUCT_NAME = KexpTVStreamXXX;
				SWIFT_OBJC_BRIDGING_HEADER = "KexpTVStream-Bridging-Header.h";
				SWIFT_OPTIMIZATION_LEVEL = "-Onone";
				SWIFT_VERSION = 5.0;
				TVOS_DEPLOYMENT_TARGET = 11.0;
			};
			name = Debug;
		};
		46CDFB3B1C30A7180001A004 /* Release */ = {
			isa = XCBuildConfiguration;
			baseConfigurationReference = 26F19CA66E8D2DCA47312557 /* Pods-KexpTVStream.release.xcconfig */;
			buildSettings = {
				ALWAYS_EMBED_SWIFT_STANDARD_LIBRARIES = YES;
				ASSETCATALOG_COMPILER_APPICON_NAME = "App Icon & Top Shelf Image";
				ASSETCATALOG_COMPILER_LAUNCHIMAGE_NAME = LaunchImage;
				CLANG_ENABLE_MODULES = YES;
				CODE_SIGN_IDENTITY = "iPhone Developer";
				INFOPLIST_FILE = KexpTVStream/Info.plist;
				LD_RUNPATH_SEARCH_PATHS = "$(inherited) @executable_path/Frameworks";
				LIBRARY_SEARCH_PATHS = (
					"$(inherited)",
					"$(PROJECT_DIR)/KexpTVStream",
				);
				MARKETING_VERSION = 2.0;
				PRODUCT_BUNDLE_IDENTIFIER = com.dus.KexpTVStreamXXX;
				PRODUCT_NAME = KexpTVStreamXXX;
				SWIFT_OBJC_BRIDGING_HEADER = "KexpTVStream-Bridging-Header.h";
				SWIFT_VERSION = 5.0;
				TVOS_DEPLOYMENT_TARGET = 11.0;
			};
			name = Release;
		};
		46CDFB3D1C30A7180001A004 /* Debug */ = {
			isa = XCBuildConfiguration;
			baseConfigurationReference = 78E3AB477D2FF07E1439780E /* Pods-KexpTVStreamTests.debug.xcconfig */;
			buildSettings = {
				ALWAYS_EMBED_SWIFT_STANDARD_LIBRARIES = YES;
				BUNDLE_LOADER = "$(TEST_HOST)";
				CLANG_ENABLE_MODULES = YES;
				INFOPLIST_FILE = KexpTVStreamTests/Info.plist;
				LD_RUNPATH_SEARCH_PATHS = "$(inherited) @executable_path/Frameworks @loader_path/Frameworks";
				PRODUCT_BUNDLE_IDENTIFIER = com.dus.KexpTVStreamTests;
				PRODUCT_NAME = "$(TARGET_NAME)";
				SWIFT_OBJC_BRIDGING_HEADER = "KexpTVStreamTests/KexpTVStreamTests-Bridging-Header.h";
				SWIFT_OPTIMIZATION_LEVEL = "-Onone";
				SWIFT_VERSION = 3.0;
				TEST_HOST = "$(BUILT_PRODUCTS_DIR)/KexpTVStream.app/KexpTVStream";
			};
			name = Debug;
		};
		46CDFB3E1C30A7180001A004 /* Release */ = {
			isa = XCBuildConfiguration;
			baseConfigurationReference = 4A88670E65745188983D52A4 /* Pods-KexpTVStreamTests.release.xcconfig */;
			buildSettings = {
				ALWAYS_EMBED_SWIFT_STANDARD_LIBRARIES = YES;
				BUNDLE_LOADER = "$(TEST_HOST)";
				CLANG_ENABLE_MODULES = YES;
				INFOPLIST_FILE = KexpTVStreamTests/Info.plist;
				LD_RUNPATH_SEARCH_PATHS = "$(inherited) @executable_path/Frameworks @loader_path/Frameworks";
				PRODUCT_BUNDLE_IDENTIFIER = com.dus.KexpTVStreamTests;
				PRODUCT_NAME = "$(TARGET_NAME)";
				SWIFT_OBJC_BRIDGING_HEADER = "KexpTVStreamTests/KexpTVStreamTests-Bridging-Header.h";
				SWIFT_VERSION = 3.0;
				TEST_HOST = "$(BUILT_PRODUCTS_DIR)/KexpTVStream.app/KexpTVStream";
			};
			name = Release;
		};
/* End XCBuildConfiguration section */

/* Begin XCConfigurationList section */
		46CDFB171C30A7170001A004 /* Build configuration list for PBXProject "KexpTVStream" */ = {
			isa = XCConfigurationList;
			buildConfigurations = (
				46CDFB371C30A7180001A004 /* Debug */,
				46CDFB381C30A7180001A004 /* Release */,
			);
			defaultConfigurationIsVisible = 0;
			defaultConfigurationName = Release;
		};
		46CDFB391C30A7180001A004 /* Build configuration list for PBXNativeTarget "KexpTVStream" */ = {
			isa = XCConfigurationList;
			buildConfigurations = (
				46CDFB3A1C30A7180001A004 /* Debug */,
				46CDFB3B1C30A7180001A004 /* Release */,
			);
			defaultConfigurationIsVisible = 0;
			defaultConfigurationName = Release;
		};
		46CDFB3C1C30A7180001A004 /* Build configuration list for PBXNativeTarget "KexpTVStreamTests" */ = {
			isa = XCConfigurationList;
			buildConfigurations = (
				46CDFB3D1C30A7180001A004 /* Debug */,
				46CDFB3E1C30A7180001A004 /* Release */,
			);
			defaultConfigurationIsVisible = 0;
			defaultConfigurationName = Release;
		};
/* End XCConfigurationList section */

/* Begin XCVersionGroup section */
		46CDFB231C30A7170001A004 /* KexpTVStream.xcdatamodeld */ = {
			isa = XCVersionGroup;
			children = (
				46CDFB241C30A7170001A004 /* KexpTVStream.xcdatamodel */,
			);
			currentVersion = 46CDFB241C30A7170001A004 /* KexpTVStream.xcdatamodel */;
			path = KexpTVStream.xcdatamodeld;
			sourceTree = "<group>";
			versionGroupType = wrapper.xcdatamodel;
		};
/* End XCVersionGroup section */
	};
	rootObject = 46CDFB141C30A7170001A004 /* Project object */;
}
